
Microsoft Visual Studio Solution File, Format Version 12.00
# Visual Studio Version 17
VisualStudioVersion = 17.11.35312.102
MinimumVisualStudioVersion = 10.0.40219.1
Project("{FAE04EC0-301F-11D3-BF4B-00C04F79EFBC}") = "FinancniInformacniSystemBanky", "FinancniInformacniSystemBanky.csproj", "{DCE42481-93A5-42C0-973A-6ED54181FF2D}"
EndProject
Global
	GlobalSection(SolutionConfigurationPlatforms) = preSolution
		Debug|Any CPU = Debug|Any CPU
		Release|Any CPU = Release|Any CPU
	EndGlobalSection
	GlobalSection(ProjectConfigurationPlatforms) = postSolution
		{DCE42481-93A5-42C0-973A-6ED54181FF2D}.Debug|Any CPU.ActiveCfg = Debug|Any CPU
		{DCE42481-93A5-42C0-973A-6ED54181FF2D}.Debug|Any CPU.Build.0 = Debug|Any CPU
		{DCE42481-93A5-42C0-973A-6ED54181FF2D}.Release|Any CPU.ActiveCfg = Release|Any CPU
		{DCE42481-93A5-42C0-973A-6ED54181FF2D}.Release|Any CPU.Build.0 = Release|Any CPU
	EndGlobalSection
	GlobalSection(SolutionProperties) = preSolution
		HideSolutionNode = FALSE
	EndGlobalSection
	GlobalSection(ExtensibilityGlobals) = postSolution
		SolutionGuid = {0A08820A-C12C-4C78-AF69-FE8705F5E520}
	EndGlobalSection
EndGlobal
